
Microsoft Visual Studio Solution File, Format Version 12.00
# Visual Studio Version 17
VisualStudioVersion = 17.0.32112.339
MinimumVisualStudioVersion = 10.0.40219.1
Project("{9A19103F-16F7-4668-BE54-9A1E7A4F7556}") = "TaskManagementTool.BusinessLogic", "TaskManagementTool.BusinessLogic\TaskManagementTool.BusinessLogic.csproj", "{B8E78C7B-A4FA-439A-9B16-885B36E6F022}"
EndProject
Project("{9A19103F-16F7-4668-BE54-9A1E7A4F7556}") = "TaskManagementTool.DataAccess", "TaskManagementTool.DataAccess\TaskManagementTool.DataAccess.csproj", "{1C8245BD-E87D-4FB1-B80F-E6F3E4C24E89}"
EndProject
Project("{9A19103F-16F7-4668-BE54-9A1E7A4F7556}") = "TaskManagementTool.Host", "TaskManagementTool.Host\TaskManagementTool.Host.csproj", "{A0C358DE-B65D-431B-9A8E-E1C4BB9BAF9F}"
EndProject
Project("{9A19103F-16F7-4668-BE54-9A1E7A4F7556}") = "TaskManagementTool.UnitTests", "TaskManagementTool.UnitTests\TaskManagementTool.UnitTests.csproj", "{C7E31477-E3ED-470B-973B-C5D6C4248956}"
EndProject
Project("{9A19103F-16F7-4668-BE54-9A1E7A4F7556}") = "TaskManagementTool.Common", "TaskManagementTool.Common\TaskManagementTool.Common.csproj", "{BD93BBEC-AE71-436C-BCEB-D7A8741B9AAD}"
EndProject
Project("{2150E333-8FDC-42A3-9474-1A3956D46DE8}") = "Tests", "Tests", "{B8F63255-523D-4875-AC88-3D13C6B7C245}"
EndProject
Project("{9A19103F-16F7-4668-BE54-9A1E7A4F7556}") = "IntegrationTests.SqlServer.EfCore", "IntegrationTests.SqlServer.EfCore\IntegrationTests.SqlServer.EfCore.csproj", "{B28650F4-6518-479A-9B1B-D8A972D193A2}"
EndProject
Project("{2150E333-8FDC-42A3-9474-1A3956D46DE8}") = "DataAccess", "DataAccess", "{E1F4B0D1-2DE8-460D-9624-ACC35AA6EB56}"
EndProject
Project("{2150E333-8FDC-42A3-9474-1A3956D46DE8}") = "Solution Items", "Solution Items", "{09622DDA-9756-4753-B9BA-DE86A0985199}"
	ProjectSection(SolutionItems) = preProject
		.editorconfig = .editorconfig
	EndProjectSection
EndProject
Global
	GlobalSection(SolutionConfigurationPlatforms) = preSolution
		Debug|Any CPU = Debug|Any CPU
		Release|Any CPU = Release|Any CPU
	EndGlobalSection
	GlobalSection(ProjectConfigurationPlatforms) = postSolution
		{B8E78C7B-A4FA-439A-9B16-885B36E6F022}.Debug|Any CPU.ActiveCfg = Debug|Any CPU
		{B8E78C7B-A4FA-439A-9B16-885B36E6F022}.Debug|Any CPU.Build.0 = Debug|Any CPU
		{B8E78C7B-A4FA-439A-9B16-885B36E6F022}.Release|Any CPU.ActiveCfg = Release|Any CPU
		{B8E78C7B-A4FA-439A-9B16-885B36E6F022}.Release|Any CPU.Build.0 = Release|Any CPU
		{1C8245BD-E87D-4FB1-B80F-E6F3E4C24E89}.Debug|Any CPU.ActiveCfg = Debug|Any CPU
		{1C8245BD-E87D-4FB1-B80F-E6F3E4C24E89}.Debug|Any CPU.Build.0 = Debug|Any CPU
		{1C8245BD-E87D-4FB1-B80F-E6F3E4C24E89}.Release|Any CPU.ActiveCfg = Release|Any CPU
		{1C8245BD-E87D-4FB1-B80F-E6F3E4C24E89}.Release|Any CPU.Build.0 = Release|Any CPU
		{A0C358DE-B65D-431B-9A8E-E1C4BB9BAF9F}.Debug|Any CPU.ActiveCfg = Debug|Any CPU
		{A0C358DE-B65D-431B-9A8E-E1C4BB9BAF9F}.Debug|Any CPU.Build.0 = Debug|Any CPU
		{A0C358DE-B65D-431B-9A8E-E1C4BB9BAF9F}.Release|Any CPU.ActiveCfg = Release|Any CPU
		{A0C358DE-B65D-431B-9A8E-E1C4BB9BAF9F}.Release|Any CPU.Build.0 = Release|Any CPU
		{C7E31477-E3ED-470B-973B-C5D6C4248956}.Debug|Any CPU.ActiveCfg = Debug|Any CPU
		{C7E31477-E3ED-470B-973B-C5D6C4248956}.Debug|Any CPU.Build.0 = Debug|Any CPU
		{C7E31477-E3ED-470B-973B-C5D6C4248956}.Release|Any CPU.ActiveCfg = Release|Any CPU
		{C7E31477-E3ED-470B-973B-C5D6C4248956}.Release|Any CPU.Build.0 = Release|Any CPU
		{BD93BBEC-AE71-436C-BCEB-D7A8741B9AAD}.Debug|Any CPU.ActiveCfg = Debug|Any CPU
		{BD93BBEC-AE71-436C-BCEB-D7A8741B9AAD}.Debug|Any CPU.Build.0 = Debug|Any CPU
		{BD93BBEC-AE71-436C-BCEB-D7A8741B9AAD}.Release|Any CPU.ActiveCfg = Release|Any CPU
		{BD93BBEC-AE71-436C-BCEB-D7A8741B9AAD}.Release|Any CPU.Build.0 = Release|Any CPU
		{B28650F4-6518-479A-9B1B-D8A972D193A2}.Debug|Any CPU.ActiveCfg = Debug|Any CPU
		{B28650F4-6518-479A-9B1B-D8A972D193A2}.Debug|Any CPU.Build.0 = Debug|Any CPU
		{B28650F4-6518-479A-9B1B-D8A972D193A2}.Release|Any CPU.ActiveCfg = Release|Any CPU
		{B28650F4-6518-479A-9B1B-D8A972D193A2}.Release|Any CPU.Build.0 = Release|Any CPU
	EndGlobalSection
	GlobalSection(SolutionProperties) = preSolution
		HideSolutionNode = FALSE
	EndGlobalSection
	GlobalSection(NestedProjects) = preSolution
		{1C8245BD-E87D-4FB1-B80F-E6F3E4C24E89} = {E1F4B0D1-2DE8-460D-9624-ACC35AA6EB56}
		{C7E31477-E3ED-470B-973B-C5D6C4248956} = {B8F63255-523D-4875-AC88-3D13C6B7C245}
		{B28650F4-6518-479A-9B1B-D8A972D193A2} = {B8F63255-523D-4875-AC88-3D13C6B7C245}
	EndGlobalSection
	GlobalSection(ExtensibilityGlobals) = postSolution
		SolutionGuid = {31047A67-96FB-4546-9059-6BB7AE4B7819}
	EndGlobalSection
EndGlobal
